
Microsoft Visual Studio Solution File, Format Version 12.00
# Visual Studio Version 17
VisualStudioVersion = 17.5.33516.290
MinimumVisualStudioVersion = 10.0.40219.1
Project("{9A19103F-16F7-4668-BE54-9A1E7A4F7556}") = "infnet-bl6-daw-at.Domain", "infnet-bl6-daw-at.Domain\infnet-bl6-daw-at.Domain.csproj", "{9CB886EC-1057-4F0F-A9C0-2D6277595A5D}"
EndProject
Project("{9A19103F-16F7-4668-BE54-9A1E7A4F7556}") = "infnet-bl6-daw-at.Service", "infnet-bl6-daw-at.Service\infnet-bl6-daw-at.Service.csproj", "{964460A0-6A51-4B29-9EFF-8CAAEBB334AD}"
EndProject
Project("{9A19103F-16F7-4668-BE54-9A1E7A4F7556}") = "infnet-bl6-daw-at.API", "infnet-bl6-daw-at.API\infnet-bl6-daw-at.API.csproj", "{D0033F3A-891A-4D36-AB36-836ACD50B271}"
EndProject
Project("{FAE04EC0-301F-11D3-BF4B-00C04F79EFBC}") = "infnet-bl6-daw-at.Data", "infnet-bl6-daw-at.Data\infnet-bl6-daw-at.Data.csproj", "{7CF06F14-1F4B-402D-9D7F-25B58F646623}"
EndProject
Global
	GlobalSection(SolutionConfigurationPlatforms) = preSolution
		Debug|Any CPU = Debug|Any CPU
		Release|Any CPU = Release|Any CPU
	EndGlobalSection
	GlobalSection(ProjectConfigurationPlatforms) = postSolution
		{9CB886EC-1057-4F0F-A9C0-2D6277595A5D}.Debug|Any CPU.ActiveCfg = Debug|Any CPU
		{9CB886EC-1057-4F0F-A9C0-2D6277595A5D}.Debug|Any CPU.Build.0 = Debug|Any CPU
		{9CB886EC-1057-4F0F-A9C0-2D6277595A5D}.Release|Any CPU.ActiveCfg = Release|Any CPU
		{9CB886EC-1057-4F0F-A9C0-2D6277595A5D}.Release|Any CPU.Build.0 = Release|Any CPU
		{964460A0-6A51-4B29-9EFF-8CAAEBB334AD}.Debug|Any CPU.ActiveCfg = Debug|Any CPU
		{964460A0-6A51-4B29-9EFF-8CAAEBB334AD}.Debug|Any CPU.Build.0 = Debug|Any CPU
		{964460A0-6A51-4B29-9EFF-8CAAEBB334AD}.Release|Any CPU.ActiveCfg = Release|Any CPU
		{964460A0-6A51-4B29-9EFF-8CAAEBB334AD}.Release|Any CPU.Build.0 = Release|Any CPU
		{D0033F3A-891A-4D36-AB36-836ACD50B271}.Debug|Any CPU.ActiveCfg = Debug|Any CPU
		{D0033F3A-891A-4D36-AB36-836ACD50B271}.Debug|Any CPU.Build.0 = Debug|Any CPU
		{D0033F3A-891A-4D36-AB36-836ACD50B271}.Release|Any CPU.ActiveCfg = Release|Any CPU
		{D0033F3A-891A-4D36-AB36-836ACD50B271}.Release|Any CPU.Build.0 = Release|Any CPU
		{7CF06F14-1F4B-402D-9D7F-25B58F646623}.Debug|Any CPU.ActiveCfg = Debug|Any CPU
		{7CF06F14-1F4B-402D-9D7F-25B58F646623}.Debug|Any CPU.Build.0 = Debug|Any CPU
		{7CF06F14-1F4B-402D-9D7F-25B58F646623}.Release|Any CPU.ActiveCfg = Release|Any CPU
		{7CF06F14-1F4B-402D-9D7F-25B58F646623}.Release|Any CPU.Build.0 = Release|Any CPU
	EndGlobalSection
	GlobalSection(SolutionProperties) = preSolution
		HideSolutionNode = FALSE
	EndGlobalSection
	GlobalSection(ExtensibilityGlobals) = postSolution
		SolutionGuid = {D6877E82-64E0-4B50-833B-B0F1835F6FBD}
	EndGlobalSection
EndGlobal
